
Microsoft Visual Studio Solution File, Format Version 12.00
# Visual Studio Version 17
VisualStudioVersion = 17.9.34902.65
MinimumVisualStudioVersion = 10.0.40219.1
Project("{9A19103F-16F7-4668-BE54-9A1E7A4F7556}") = "Rovema.Api", "Rovema.Api\Rovema.Api.csproj", "{9369185B-4AAA-4DED-BFFD-9A89C859DF1E}"
EndProject
Project("{9A19103F-16F7-4668-BE54-9A1E7A4F7556}") = "Rovema.Shared", "Rovema.Shared\Rovema.Shared.csproj", "{F600A6A7-BE90-41B7-AB47-95E5096B1E38}"
EndProject
Project("{9A19103F-16F7-4668-BE54-9A1E7A4F7556}") = "Rovema.Coravel", "Rovema.Coravel\Rovema.Coravel.csproj", "{8CB9E102-6DA1-4A53-8994-A9F447D52E68}"
EndProject
Project("{9A19103F-16F7-4668-BE54-9A1E7A4F7556}") = "Dclt.Shared", "..\Shared\Dclt.Shared\Dclt.Shared.csproj", "{BD062413-7188-4CE1-9691-0A68A6186583}"
EndProject
Global
	GlobalSection(SolutionConfigurationPlatforms) = preSolution
		Debug|Any CPU = Debug|Any CPU
		Release|Any CPU = Release|Any CPU
	EndGlobalSection
	GlobalSection(ProjectConfigurationPlatforms) = postSolution
		{9369185B-4AAA-4DED-BFFD-9A89C859DF1E}.Debug|Any CPU.ActiveCfg = Debug|Any CPU
		{9369185B-4AAA-4DED-BFFD-9A89C859DF1E}.Debug|Any CPU.Build.0 = Debug|Any CPU
		{9369185B-4AAA-4DED-BFFD-9A89C859DF1E}.Release|Any CPU.ActiveCfg = Release|Any CPU
		{9369185B-4AAA-4DED-BFFD-9A89C859DF1E}.Release|Any CPU.Build.0 = Release|Any CPU
		{F600A6A7-BE90-41B7-AB47-95E5096B1E38}.Debug|Any CPU.ActiveCfg = Debug|Any CPU
		{F600A6A7-BE90-41B7-AB47-95E5096B1E38}.Debug|Any CPU.Build.0 = Debug|Any CPU
		{F600A6A7-BE90-41B7-AB47-95E5096B1E38}.Release|Any CPU.ActiveCfg = Release|Any CPU
		{F600A6A7-BE90-41B7-AB47-95E5096B1E38}.Release|Any CPU.Build.0 = Release|Any CPU
		{8CB9E102-6DA1-4A53-8994-A9F447D52E68}.Debug|Any CPU.ActiveCfg = Debug|Any CPU
		{8CB9E102-6DA1-4A53-8994-A9F447D52E68}.Debug|Any CPU.Build.0 = Debug|Any CPU
		{8CB9E102-6DA1-4A53-8994-A9F447D52E68}.Release|Any CPU.ActiveCfg = Release|Any CPU
		{8CB9E102-6DA1-4A53-8994-A9F447D52E68}.Release|Any CPU.Build.0 = Release|Any CPU
		{BD062413-7188-4CE1-9691-0A68A6186583}.Debug|Any CPU.ActiveCfg = Debug|Any CPU
		{BD062413-7188-4CE1-9691-0A68A6186583}.Debug|Any CPU.Build.0 = Debug|Any CPU
		{BD062413-7188-4CE1-9691-0A68A6186583}.Release|Any CPU.ActiveCfg = Release|Any CPU
		{BD062413-7188-4CE1-9691-0A68A6186583}.Release|Any CPU.Build.0 = Release|Any CPU
	EndGlobalSection
	GlobalSection(SolutionProperties) = preSolution
		HideSolutionNode = FALSE
	EndGlobalSection
	GlobalSection(ExtensibilityGlobals) = postSolution
		SolutionGuid = {0CC0C556-8EF7-42EA-B58E-964DA12FE794}
	EndGlobalSection
EndGlobal
